
Microsoft Visual Studio Solution File, Format Version 12.00
# Visual Studio Version 17
VisualStudioVersion = 17.9.34723.18
MinimumVisualStudioVersion = 10.0.40219.1
Project("{FAE04EC0-301F-11D3-BF4B-00C04F79EFBC}") = "VacationRegister", "VacationRegister\VacationRegister.csproj", "{571A5A51-235A-4BBF-A407-A1380A553289}"
EndProject
Global
	GlobalSection(SolutionConfigurationPlatforms) = preSolution
		Debug|Any CPU = Debug|Any CPU
		Release|Any CPU = Release|Any CPU
	EndGlobalSection
	GlobalSection(ProjectConfigurationPlatforms) = postSolution
		{571A5A51-235A-4BBF-A407-A1380A553289}.Debug|Any CPU.ActiveCfg = Debug|Any CPU
		{571A5A51-235A-4BBF-A407-A1380A553289}.Debug|Any CPU.Build.0 = Debug|Any CPU
		{571A5A51-235A-4BBF-A407-A1380A553289}.Release|Any CPU.ActiveCfg = Release|Any CPU
		{571A5A51-235A-4BBF-A407-A1380A553289}.Release|Any CPU.Build.0 = Release|Any CPU
	EndGlobalSection
	GlobalSection(SolutionProperties) = preSolution
		HideSolutionNode = FALSE
	EndGlobalSection
	GlobalSection(ExtensibilityGlobals) = postSolution
		SolutionGuid = {A2161AA6-4405-47A9-A95D-DE1D5614226C}
	EndGlobalSection
EndGlobal
